
Microsoft Visual Studio Solution File, Format Version 12.00
# Visual Studio 15
VisualStudioVersion = 15.0.27703.2047
MinimumVisualStudioVersion = 10.0.40219.1
Project("{9A19103F-16F7-4668-BE54-9A1E7A4F7556}") = "NamedDIRegistrations", "NamedDIRegistrations\NamedDIRegistrations.csproj", "{5D54754E-5BFD-4A65-BEB4-D86DF0631B5F}"
EndProject
Project("{9A19103F-16F7-4668-BE54-9A1E7A4F7556}") = "NamedDIRegistrations.Tests", "NamedDIRegistrations.Tests\NamedDIRegistrations.Tests.csproj", "{99CF470E-6BD4-4A82-AD5B-FDA7E0C5A6EC}"
EndProject
Project("{FAE04EC0-301F-11D3-BF4B-00C04F79EFBC}") = "NamedDIRegistrations.Abstractions", "NamedDIRegistrations.Abstractions\NamedDIRegistrations.Abstractions.csproj", "{E78A9947-1AD2-48A3-82A0-251A120FBE40}"
EndProject
Global
	GlobalSection(SolutionConfigurationPlatforms) = preSolution
		Debug|Any CPU = Debug|Any CPU
		Release|Any CPU = Release|Any CPU
	EndGlobalSection
	GlobalSection(ProjectConfigurationPlatforms) = postSolution
		{5D54754E-5BFD-4A65-BEB4-D86DF0631B5F}.Debug|Any CPU.ActiveCfg = Debug|Any CPU
		{5D54754E-5BFD-4A65-BEB4-D86DF0631B5F}.Debug|Any CPU.Build.0 = Debug|Any CPU
		{5D54754E-5BFD-4A65-BEB4-D86DF0631B5F}.Release|Any CPU.ActiveCfg = Release|Any CPU
		{5D54754E-5BFD-4A65-BEB4-D86DF0631B5F}.Release|Any CPU.Build.0 = Release|Any CPU
		{99CF470E-6BD4-4A82-AD5B-FDA7E0C5A6EC}.Debug|Any CPU.ActiveCfg = Debug|Any CPU
		{99CF470E-6BD4-4A82-AD5B-FDA7E0C5A6EC}.Debug|Any CPU.Build.0 = Debug|Any CPU
		{99CF470E-6BD4-4A82-AD5B-FDA7E0C5A6EC}.Release|Any CPU.ActiveCfg = Release|Any CPU
		{99CF470E-6BD4-4A82-AD5B-FDA7E0C5A6EC}.Release|Any CPU.Build.0 = Release|Any CPU
		{E78A9947-1AD2-48A3-82A0-251A120FBE40}.Debug|Any CPU.ActiveCfg = Debug|Any CPU
		{E78A9947-1AD2-48A3-82A0-251A120FBE40}.Debug|Any CPU.Build.0 = Debug|Any CPU
		{E78A9947-1AD2-48A3-82A0-251A120FBE40}.Release|Any CPU.ActiveCfg = Release|Any CPU
		{E78A9947-1AD2-48A3-82A0-251A120FBE40}.Release|Any CPU.Build.0 = Release|Any CPU
	EndGlobalSection
	GlobalSection(SolutionProperties) = preSolution
		HideSolutionNode = FALSE
	EndGlobalSection
	GlobalSection(ExtensibilityGlobals) = postSolution
		SolutionGuid = {523DA2C3-3B9D-48B3-B7E2-6B1AD63F695A}
	EndGlobalSection
EndGlobal
